{
  "version": 4,
  "terraform_version": "1.1.9",
  "serial": 1,
  "lineage": "95a1b303-6c4b-4185-a905-a351950da7ee",
  "outputs": {},
  "resources": [
    {
      "mode": "managed",
      "type": "linode_instance",
      "name": "terraform-web",
      "provider": "provider[\"registry.terraform.io/linode/linode\"]",
      "instances": [
        {
          "schema_version": 0,
          "attributes": {
            "alerts": [
              {
                "cpu": 90,
                "io": 10000,
                "network_in": 10,
                "network_out": 10,
                "transfer_quota": 80
              }
            ],
            "authorized_keys": [
              "ssh-rsa AAAAB3NzaC1yc2EAAAADAQABAAABgQCi185fzP1Iq1X4DHiuxxw08fDBuCJCEySTqxWn4VPSb6Q4TmbAurAWSrBJRELDNBbqp1LUsgaFesnNrQxvD+a3TiI7GcEI4/V9KEo130+tzIpevG6D+TVP7abj940vIy6nx96lpEFB6vWV7Imxcvi7JQUlWxjqdhciVy2u/KbjgEvsG9gAAPr3QrZyVmyQR8VnLJz7f49ZcSpZOf0sX1CWtRG7ni/9Uv55kRBW84i0mSeVMJWablKYkmhEewRAKW9agsPN87gg+3sZdsEtlXK2EhYJMRsG8e585IpcvhT2Mn2blXYsM55VvgFGRPbvq2xACUHnj6Y+hsv5D+U52HYoS+gN/i7jjMhVdbIcp8wccMyl0xBWPti71AZcid9GUUMfeZwOIumD13G53sEwEJrXhf9F60VJamnaWrYN3IFUAENdcUDZRY8p4GHDb32dKtcMm9QwFCtnysTRTokNrGjthd6/bKNdL882gb7Krjj71CWx3u4vLGR4iOGSz0VYnsU= suzuki@suzuki-XPS-9320"
            ],
            "authorized_users": null,
            "backup_id": null,
            "backups": [
              {
                "enabled": false,
                "schedule": [
                  {
                    "day": "",
                    "window": ""
                  }
                ]
              }
            ],
            "backups_enabled": false,
            "boot_config_label": "My Ubuntu 18.04 LTS Disk Profile",
            "booted": true,
            "config": [
              {
                "comments": "",
                "devices": [
                  {
                    "sda": [
                      {
                        "disk_id": 82202152,
                        "disk_label": "Ubuntu 18.04 LTS Disk",
                        "volume_id": 0
                      }
                    ],
                    "sdb": [
                      {
                        "disk_id": 82202153,
                        "disk_label": "512 MB Swap Image",
                        "volume_id": 0
                      }
                    ],
                    "sdc": [],
                    "sdd": [],
                    "sde": [],
                    "sdf": [],
                    "sdg": [],
                    "sdh": []
                  }
                ],
                "helpers": [
                  {
                    "devtmpfs_automount": true,
                    "distro": true,
                    "modules_dep": true,
                    "network": true,
                    "updatedb_disabled": true
                  }
                ],
                "interface": [],
                "kernel": "linode/grub2",
                "label": "My Ubuntu 18.04 LTS Disk Profile",
                "memory_limit": 0,
                "root_device": "/dev/sda",
                "run_level": "default",
                "virt_mode": "paravirt"
              }
            ],
            "disk": [
              {
                "authorized_keys": [],
                "authorized_users": [],
                "filesystem": "ext4",
                "id": 82202152,
                "image": "",
                "label": "Ubuntu 18.04 LTS Disk",
                "read_only": false,
                "root_pass": "",
                "size": 50688,
                "stackscript_data": {},
                "stackscript_id": 0
              },
              {
                "authorized_keys": [],
                "authorized_users": [],
                "filesystem": "swap",
                "id": 82202153,
                "image": "",
                "label": "512 MB Swap Image",
                "read_only": false,
                "root_pass": "",
                "size": 512,
                "stackscript_data": {},
                "stackscript_id": 0
              }
            ],
            "group": "Terraform",
            "id": "41073071",
            "image": "linode/ubuntu18.04",
            "interface": [],
            "ip_address": "97.107.132.241",
            "ipv4": [
              "97.107.132.241"
            ],
            "ipv6": "2600:3c03::f03c:93ff:fe7d:82e4/128",
            "label": "Nginx-Web-Example",
            "private_ip": false,
            "private_ip_address": null,
            "region": "us-east",
            "resize_disk": false,
            "root_pass": "6nTC+907u6W4iR7gN28xTPAW/S6xTkZ5KLEqjAe6jT8ZnuS2+aGaJpCA38HSH+LC5wBkFFjWjm7WtJxieIu+6A==",
            "specs": [
              {
                "disk": 51200,
                "memory": 2048,
                "transfer": 2000,
                "vcpus": 1
              }
            ],
            "stackscript_data": null,
            "stackscript_id": null,
            "status": "running",
            "swap_size": 512,
            "tags": null,
            "timeouts": null,
            "type": "g6-standard-1",
            "watchdog_enabled": true
          },
          "sensitive_attributes": [],
          "private": "eyJlMmJmYjczMC1lY2FhLTExZTYtOGY4OC0zNDM2M2JjN2M0YzAiOnsiY3JlYXRlIjo2MDAwMDAwMDAwMDAsImRlbGV0ZSI6NjAwMDAwMDAwMDAwLCJ1cGRhdGUiOjEyMDAwMDAwMDAwMDB9fQ=="
        }
      ]
    }
  ]
}
